{
  "name": "butcher",
  "version": "1.0.0",
  "lockfileVersion": 3,
  "requires": true,
  "packages": {
    "": {
      "name": "butcher",
      "version": "1.0.0",
      "license": "ISC",
      "dependencies": {
        "commander": "^11.1.0",
        "dnsimple": "^7.4.0"
      }
    },
    "node_modules/commander": {
      "version": "11.1.0",
      "resolved": "https://registry.npmjs.org/commander/-/commander-11.1.0.tgz",
      "integrity": "sha512-yPVavfyCcRhmorC7rWlkHn15b4wDVgVmBA7kV4QVBsF7kv/9TKJAbAXVTxvTnwP8HHKjRCJDClKbciiYS7p0DQ==",
      "engines": {
        "node": ">=16"
      }
    },
    "node_modules/dnsimple": {
      "version": "7.4.0",
      "resolved": "https://registry.npmjs.org/dnsimple/-/dnsimple-7.4.0.tgz",
      "integrity": "sha512-wxj+3wFAhUPBufrX3gUUC8Sl7jVFMKUNJem7dxp9fCoZ0k0sydkb7Le4tR76xfKQO3OPaJFGmYU+ENZxyaLQQg==",
      "engines": {
        "node": ">= v14.0.0"
      }
    }
  }
}
